PODS:
  - Capacitor (7.0.1):
    - CapacitorCordova
  - CapacitorCordova (7.0.1)

DEPENDENCIES:
  - "Capacitor (from `../node_modules/@capacitor/ios`)"
  - "CapacitorCordova (from `../node_modules/@capacitor/ios`)"

EXTERNAL SOURCES:
  Capacitor:
    :path: "../node_modules/@capacitor/ios"
  CapacitorCordova:
    :path: "../node_modules/@capacitor/ios"

SPEC CHECKSUMS:
  Capacitor: 23fff43571a4d1e3ee7d67b5a3588c6e757c2913
  CapacitorCordova: 63d476958d5022d76f197031e8b7ea3519988c64

PODFILE CHECKSUM: bbc2aea41644ea177491a6b9c5b84a795d4cf217

COCOAPODS: 1.16.2
